
Microsoft Visual Studio Solution File, Format Version 12.00
# Visual Studio Version 16
VisualStudioVersion = 16.0.31025.194
MinimumVisualStudioVersion = 10.0.40219.1
Project("{8BC9CEB8-8B4A-11D0-8D11-00A0C91BC942}") = "3_7", "3_7.vcxproj", "{3079F98C-9A08-44F2-BA42-854EBAE5B233}"
EndProject
Global
	GlobalSection(SolutionConfigurationPlatforms) = preSolution
		Debug|x64 = Debug|x64
		Debug|x86 = Debug|x86
		Release|x64 = Release|x64
		Release|x86 = Release|x86
	EndGlobalSection
	GlobalSection(ProjectConfigurationPlatforms) = postSolution
		{3079F98C-9A08-44F2-BA42-854EBAE5B233}.Debug|x64.ActiveCfg = Debug|x64
		{3079F98C-9A08-44F2-BA42-854EBAE5B233}.Debug|x64.Build.0 = Debug|x64
		{3079F98C-9A08-44F2-BA42-854EBAE5B233}.Debug|x86.ActiveCfg = Debug|Win32
		{3079F98C-9A08-44F2-BA42-854EBAE5B233}.Debug|x86.Build.0 = Debug|Win32
		{3079F98C-9A08-44F2-BA42-854EBAE5B233}.Release|x64.ActiveCfg = Release|x64
		{3079F98C-9A08-44F2-BA42-854EBAE5B233}.Release|x64.Build.0 = Release|x64
		{3079F98C-9A08-44F2-BA42-854EBAE5B233}.Release|x86.ActiveCfg = Release|Win32
		{3079F98C-9A08-44F2-BA42-854EBAE5B233}.Release|x86.Build.0 = Release|Win32
	EndGlobalSection
	GlobalSection(SolutionProperties) = preSolution
		HideSolutionNode = FALSE
	EndGlobalSection
	GlobalSection(ExtensibilityGlobals) = postSolution
		SolutionGuid = {B36EC4BC-8BBC-45C3-A65D-267E6B837608}
	EndGlobalSection
EndGlobal
