
Microsoft Visual Studio Solution File, Format Version 12.00
# Visual Studio 15
VisualStudioVersion = 15.0.28307.1622
MinimumVisualStudioVersion = 10.0.40219.1
Project("{8BC9CEB8-8B4A-11D0-8D11-00A0C91BC942}") = "12_1", "12_1\12_1.vcxproj", "{C2038B39-5E9A-458E-B8DC-2DD33F3325D4}"
EndProject
Global
	GlobalSection(SolutionConfigurationPlatforms) = preSolution
		Debug|x64 = Debug|x64
		Debug|x86 = Debug|x86
		Release|x64 = Release|x64
		Release|x86 = Release|x86
	EndGlobalSection
	GlobalSection(ProjectConfigurationPlatforms) = postSolution
		{C2038B39-5E9A-458E-B8DC-2DD33F3325D4}.Debug|x64.ActiveCfg = Debug|x64
		{C2038B39-5E9A-458E-B8DC-2DD33F3325D4}.Debug|x64.Build.0 = Debug|x64
		{C2038B39-5E9A-458E-B8DC-2DD33F3325D4}.Debug|x86.ActiveCfg = Debug|Win32
		{C2038B39-5E9A-458E-B8DC-2DD33F3325D4}.Debug|x86.Build.0 = Debug|Win32
		{C2038B39-5E9A-458E-B8DC-2DD33F3325D4}.Release|x64.ActiveCfg = Release|x64
		{C2038B39-5E9A-458E-B8DC-2DD33F3325D4}.Release|x64.Build.0 = Release|x64
		{C2038B39-5E9A-458E-B8DC-2DD33F3325D4}.Release|x86.ActiveCfg = Release|Win32
		{C2038B39-5E9A-458E-B8DC-2DD33F3325D4}.Release|x86.Build.0 = Release|Win32
	EndGlobalSection
	GlobalSection(SolutionProperties) = preSolution
		HideSolutionNode = FALSE
	EndGlobalSection
	GlobalSection(ExtensibilityGlobals) = postSolution
		SolutionGuid = {10B6A538-AD55-42B7-B225-35D34921DC3C}
	EndGlobalSection
EndGlobal
