
Microsoft Visual Studio Solution File, Format Version 12.00
# Visual Studio Version 16
VisualStudioVersion = 16.0.31025.194
MinimumVisualStudioVersion = 10.0.40219.1
Project("{8BC9CEB8-8B4A-11D0-8D11-00A0C91BC942}") = "7_4", "7_4.vcxproj", "{DA2A1E1F-4DD1-4717-8E72-EF3436DA0727}"
EndProject
Global
	GlobalSection(SolutionConfigurationPlatforms) = preSolution
		Debug|x64 = Debug|x64
		Debug|x86 = Debug|x86
		Release|x64 = Release|x64
		Release|x86 = Release|x86
	EndGlobalSection
	GlobalSection(ProjectConfigurationPlatforms) = postSolution
		{DA2A1E1F-4DD1-4717-8E72-EF3436DA0727}.Debug|x64.ActiveCfg = Debug|x64
		{DA2A1E1F-4DD1-4717-8E72-EF3436DA0727}.Debug|x64.Build.0 = Debug|x64
		{DA2A1E1F-4DD1-4717-8E72-EF3436DA0727}.Debug|x86.ActiveCfg = Debug|Win32
		{DA2A1E1F-4DD1-4717-8E72-EF3436DA0727}.Debug|x86.Build.0 = Debug|Win32
		{DA2A1E1F-4DD1-4717-8E72-EF3436DA0727}.Release|x64.ActiveCfg = Release|x64
		{DA2A1E1F-4DD1-4717-8E72-EF3436DA0727}.Release|x64.Build.0 = Release|x64
		{DA2A1E1F-4DD1-4717-8E72-EF3436DA0727}.Release|x86.ActiveCfg = Release|Win32
		{DA2A1E1F-4DD1-4717-8E72-EF3436DA0727}.Release|x86.Build.0 = Release|Win32
	EndGlobalSection
	GlobalSection(SolutionProperties) = preSolution
		HideSolutionNode = FALSE
	EndGlobalSection
	GlobalSection(ExtensibilityGlobals) = postSolution
		SolutionGuid = {0B9B8C58-775A-4679-ADFC-877C666A836D}
	EndGlobalSection
EndGlobal
